
Microsoft Visual Studio Solution File, Format Version 12.00
# Visual Studio Version 16
VisualStudioVersion = 16.0.30413.136
MinimumVisualStudioVersion = 10.0.40219.1
Project("{FAE04EC0-301F-11D3-BF4B-00C04F79EFBC}") = "mattresses-management", "mattresses-management\mattresses-management.csproj", "{40055408-E2CE-4634-B68D-83EAF8B99504}"
EndProject
Project("{9A19103F-16F7-4668-BE54-9A1E7A4F7556}") = "mattresses-management.Core", "mattresses-management.Core\mattresses-management.Core.csproj", "{ED185B91-35C6-4C7C-9C7A-D6676CEBA4D0}"
EndProject
Global
	GlobalSection(SolutionConfigurationPlatforms) = preSolution
		Debug|Any CPU = Debug|Any CPU
		Debug|ARM = Debug|ARM
		Debug|ARM64 = Debug|ARM64
		Debug|x64 = Debug|x64
		Debug|x86 = Debug|x86
		Release|Any CPU = Release|Any CPU
		Release|ARM = Release|ARM
		Release|ARM64 = Release|ARM64
		Release|x64 = Release|x64
		Release|x86 = Release|x86
	EndGlobalSection
	GlobalSection(ProjectConfigurationPlatforms) = postSolution
		{40055408-E2CE-4634-B68D-83EAF8B99504}.Debug|Any CPU.ActiveCfg = Debug|x86
		{40055408-E2CE-4634-B68D-83EAF8B99504}.Debug|ARM.ActiveCfg = Debug|ARM
		{40055408-E2CE-4634-B68D-83EAF8B99504}.Debug|ARM.Build.0 = Debug|ARM
		{40055408-E2CE-4634-B68D-83EAF8B99504}.Debug|ARM.Deploy.0 = Debug|ARM
		{40055408-E2CE-4634-B68D-83EAF8B99504}.Debug|ARM64.ActiveCfg = Debug|ARM64
		{40055408-E2CE-4634-B68D-83EAF8B99504}.Debug|ARM64.Build.0 = Debug|ARM64
		{40055408-E2CE-4634-B68D-83EAF8B99504}.Debug|ARM64.Deploy.0 = Debug|ARM64
		{40055408-E2CE-4634-B68D-83EAF8B99504}.Debug|x64.ActiveCfg = Debug|x64
		{40055408-E2CE-4634-B68D-83EAF8B99504}.Debug|x64.Build.0 = Debug|x64
		{40055408-E2CE-4634-B68D-83EAF8B99504}.Debug|x64.Deploy.0 = Debug|x64
		{40055408-E2CE-4634-B68D-83EAF8B99504}.Debug|x86.ActiveCfg = Debug|x86
		{40055408-E2CE-4634-B68D-83EAF8B99504}.Debug|x86.Build.0 = Debug|x86
		{40055408-E2CE-4634-B68D-83EAF8B99504}.Debug|x86.Deploy.0 = Debug|x86
		{40055408-E2CE-4634-B68D-83EAF8B99504}.Release|Any CPU.ActiveCfg = Release|x86
		{40055408-E2CE-4634-B68D-83EAF8B99504}.Release|ARM.ActiveCfg = Release|ARM
		{40055408-E2CE-4634-B68D-83EAF8B99504}.Release|ARM.Build.0 = Release|ARM
		{40055408-E2CE-4634-B68D-83EAF8B99504}.Release|ARM.Deploy.0 = Release|ARM
		{40055408-E2CE-4634-B68D-83EAF8B99504}.Release|ARM64.ActiveCfg = Release|ARM64
		{40055408-E2CE-4634-B68D-83EAF8B99504}.Release|ARM64.Build.0 = Release|ARM64
		{40055408-E2CE-4634-B68D-83EAF8B99504}.Release|ARM64.Deploy.0 = Release|ARM64
		{40055408-E2CE-4634-B68D-83EAF8B99504}.Release|x64.ActiveCfg = Release|x64
		{40055408-E2CE-4634-B68D-83EAF8B99504}.Release|x64.Build.0 = Release|x64
		{40055408-E2CE-4634-B68D-83EAF8B99504}.Release|x64.Deploy.0 = Release|x64
		{40055408-E2CE-4634-B68D-83EAF8B99504}.Release|x86.ActiveCfg = Release|x86
		{40055408-E2CE-4634-B68D-83EAF8B99504}.Release|x86.Build.0 = Release|x86
		{40055408-E2CE-4634-B68D-83EAF8B99504}.Release|x86.Deploy.0 = Release|x86
		{ED185B91-35C6-4C7C-9C7A-D6676CEBA4D0}.Debug|Any CPU.ActiveCfg = Debug|Any CPU
		{ED185B91-35C6-4C7C-9C7A-D6676CEBA4D0}.Debug|Any CPU.Build.0 = Debug|Any CPU
		{ED185B91-35C6-4C7C-9C7A-D6676CEBA4D0}.Debug|ARM.ActiveCfg = Debug|Any CPU
		{ED185B91-35C6-4C7C-9C7A-D6676CEBA4D0}.Debug|ARM.Build.0 = Debug|Any CPU
		{ED185B91-35C6-4C7C-9C7A-D6676CEBA4D0}.Debug|ARM64.ActiveCfg = Debug|Any CPU
		{ED185B91-35C6-4C7C-9C7A-D6676CEBA4D0}.Debug|ARM64.Build.0 = Debug|Any CPU
		{ED185B91-35C6-4C7C-9C7A-D6676CEBA4D0}.Debug|x64.ActiveCfg = Debug|Any CPU
		{ED185B91-35C6-4C7C-9C7A-D6676CEBA4D0}.Debug|x64.Build.0 = Debug|Any CPU
		{ED185B91-35C6-4C7C-9C7A-D6676CEBA4D0}.Debug|x86.ActiveCfg = Debug|Any CPU
		{ED185B91-35C6-4C7C-9C7A-D6676CEBA4D0}.Debug|x86.Build.0 = Debug|Any CPU
		{ED185B91-35C6-4C7C-9C7A-D6676CEBA4D0}.Release|Any CPU.ActiveCfg = Release|Any CPU
		{ED185B91-35C6-4C7C-9C7A-D6676CEBA4D0}.Release|Any CPU.Build.0 = Release|Any CPU
		{ED185B91-35C6-4C7C-9C7A-D6676CEBA4D0}.Release|ARM.ActiveCfg = Release|Any CPU
		{ED185B91-35C6-4C7C-9C7A-D6676CEBA4D0}.Release|ARM.Build.0 = Release|Any CPU
		{ED185B91-35C6-4C7C-9C7A-D6676CEBA4D0}.Release|ARM64.ActiveCfg = Release|Any CPU
		{ED185B91-35C6-4C7C-9C7A-D6676CEBA4D0}.Release|ARM64.Build.0 = Release|Any CPU
		{ED185B91-35C6-4C7C-9C7A-D6676CEBA4D0}.Release|x64.ActiveCfg = Release|Any CPU
		{ED185B91-35C6-4C7C-9C7A-D6676CEBA4D0}.Release|x64.Build.0 = Release|Any CPU
		{ED185B91-35C6-4C7C-9C7A-D6676CEBA4D0}.Release|x86.ActiveCfg = Release|Any CPU
		{ED185B91-35C6-4C7C-9C7A-D6676CEBA4D0}.Release|x86.Build.0 = Release|Any CPU
	EndGlobalSection
	GlobalSection(SolutionProperties) = preSolution
		HideSolutionNode = FALSE
	EndGlobalSection
	GlobalSection(ExtensibilityGlobals) = postSolution
		SolutionGuid = {F9CE2B05-95A7-43C7-88EA-E0ADC1313E12}
	EndGlobalSection
EndGlobal
